
Microsoft Visual Studio Solution File, Format Version 12.00
# Visual Studio Version 17
VisualStudioVersion = 17.3.32819.101
MinimumVisualStudioVersion = 10.0.40219.1
Project("{FAE04EC0-301F-11D3-BF4B-00C04F79EFBC}") = "Robot123", "Robot123\Robot123.csproj", "{86B38D2C-1675-4641-9DD5-F889D06C6A6B}"
EndProject
Project("{FAE04EC0-301F-11D3-BF4B-00C04F79EFBC}") = "Robot123Tests", "Robot123Tests\Robot123Tests.csproj", "{2A0724CB-3938-4956-902B-DF4506EE879A}"
EndProject
Global
	GlobalSection(SolutionConfigurationPlatforms) = preSolution
		Debug|Any CPU = Debug|Any CPU
		Release|Any CPU = Release|Any CPU
	EndGlobalSection
	GlobalSection(ProjectConfigurationPlatforms) = postSolution
		{86B38D2C-1675-4641-9DD5-F889D06C6A6B}.Debug|Any CPU.ActiveCfg = Debug|Any CPU
		{86B38D2C-1675-4641-9DD5-F889D06C6A6B}.Debug|Any CPU.Build.0 = Debug|Any CPU
		{86B38D2C-1675-4641-9DD5-F889D06C6A6B}.Release|Any CPU.ActiveCfg = Release|Any CPU
		{86B38D2C-1675-4641-9DD5-F889D06C6A6B}.Release|Any CPU.Build.0 = Release|Any CPU
		{2A0724CB-3938-4956-902B-DF4506EE879A}.Debug|Any CPU.ActiveCfg = Debug|Any CPU
		{2A0724CB-3938-4956-902B-DF4506EE879A}.Debug|Any CPU.Build.0 = Debug|Any CPU
		{2A0724CB-3938-4956-902B-DF4506EE879A}.Release|Any CPU.ActiveCfg = Release|Any CPU
		{2A0724CB-3938-4956-902B-DF4506EE879A}.Release|Any CPU.Build.0 = Release|Any CPU
	EndGlobalSection
	GlobalSection(SolutionProperties) = preSolution
		HideSolutionNode = FALSE
	EndGlobalSection
	GlobalSection(ExtensibilityGlobals) = postSolution
		SolutionGuid = {3F99C728-EB46-4A8B-8BEF-9441BAF2EFBB}
	EndGlobalSection
EndGlobal
